
Microsoft Visual Studio Solution File, Format Version 12.00
# Visual Studio Version 16
VisualStudioVersion = 16.0.31129.286
MinimumVisualStudioVersion = 10.0.40219.1
Project("{FAE04EC0-301F-11D3-BF4B-00C04F79EFBC}") = "CreateUsers", "CreateUsers\CreateUsers.csproj", "{19B91308-0DCC-424D-B609-3DDB76C8F16D}"
EndProject
Global
	GlobalSection(SolutionConfigurationPlatforms) = preSolution
		Debug|Any CPU = Debug|Any CPU
		Release|Any CPU = Release|Any CPU
	EndGlobalSection
	GlobalSection(ProjectConfigurationPlatforms) = postSolution
		{19B91308-0DCC-424D-B609-3DDB76C8F16D}.Debug|Any CPU.ActiveCfg = Debug|Any CPU
		{19B91308-0DCC-424D-B609-3DDB76C8F16D}.Debug|Any CPU.Build.0 = Debug|Any CPU
		{19B91308-0DCC-424D-B609-3DDB76C8F16D}.Release|Any CPU.ActiveCfg = Release|Any CPU
		{19B91308-0DCC-424D-B609-3DDB76C8F16D}.Release|Any CPU.Build.0 = Release|Any CPU
	EndGlobalSection
	GlobalSection(SolutionProperties) = preSolution
		HideSolutionNode = FALSE
	EndGlobalSection
	GlobalSection(ExtensibilityGlobals) = postSolution
		SolutionGuid = {83759D37-18CA-4771-A723-AF4E56CF8EF8}
	EndGlobalSection
EndGlobal
